// !$*UTF8*$!
{
	archiveVersion = 1;
	classes = {
	};
	objectVersion = 46;
	objects = {

/* Begin PBXBuildFile section */
		C96A80D61DBC85BC00349283 /* AppDelegate.swift in Sources */ = {isa = PBXBuildFile; fileRef = C96A80D51DBC85BC00349283 /* AppDelegate.swift */; };
		C96A80D81DBC85BC00349283 /* ViewController.swift in Sources */ = {isa = PBXBuildFile; fileRef = C96A80D71DBC85BC00349283 /* ViewController.swift */; };
		C96A80DB1DBC85BC00349283 /* Main.storyboard in Resources */ = {isa = PBXBuildFile; fileRef = C96A80D91DBC85BC00349283 /* Main.storyboard */; };
		C96A80DD1DBC85BC00349283 /* Assets.xcassets in Resources */ = {isa = PBXBuildFile; fileRef = C96A80DC1DBC85BC00349283 /* Assets.xcassets */; };
		C96A80E01DBC85BC00349283 /* LaunchScreen.storyboard in Resources */ = {isa = PBXBuildFile; fileRef = C96A80DE1DBC85BC00349283 /* LaunchScreen.storyboard */; };
/* End PBXBuildFile section */

/* Begin PBXFileReference section */
		C96A80D21DBC85BC00349283 /* Flash.app */ = {isa = PBXFileReference; explicitFileType = wrapper.application; includeInIndex = 0; path = Flash.app; sourceTree = BUILT_PRODUCTS_DIR; };
		C96A80D51DBC85BC00349283 /* AppDelegate.swift */ = {isa = PBXFileReference; lastKnownFileType = sourcecode.swift; path = AppDelegate.swift; sourceTree = "<group>"; };
		C96A80D71DBC85BC00349283 /* ViewController.swift */ = {isa = PBXFileReference; lastKnownFileType = sourcecode.swift; path = ViewController.swift; sourceTree = "<group>"; };
		C96A80DA1DBC85BC00349283 /* Base */ = {isa = PBXFileReference; lastKnownFileType = file.storyboard; name = Base; path = Base.lproj/Main.storyboard; sourceTree = "<group>"; };
		C96A80DC1DBC85BC00349283 /* Assets.xcassets */ = {isa = PBXFileReference; lastKnownFileType = folder.assetcatalog; path = Assets.xcassets; sourceTree = "<group>"; };
		C96A80DF1DBC85BC00349283 /* Base */ = {isa = PBXFileReference; lastKnownFileType = file.storyboard; name = Base; path = Base.lproj/LaunchScreen.storyboard; sourceTree = "<group>"; };
		C96A80E11DBC85BC00349283 /* Info.plist */ = {isa = PBXFileReference; lastKnownFileType = text.plist.xml; path = Info.plist; sourceTree = "<group>"; };
/* End PBXFileReference section */

/* Begin PBXFrameworksBuildPhase section */
		C96A80CF1DBC85BC00349283 /* Frameworks */ = {
			isa = PBXFrameworksBuildPhase;
			buildActionMask = 2147483647;
			files = (
			);
			runOnlyForDeploymentPostprocessing = 0;
		};
/* End PBXFrameworksBuildPhase section */

/* Begin PBXGroup section */
		C96A80C91DBC85BC00349283 = {
			isa = PBXGroup;
			children = (
				C96A80D41DBC85BC00349283 /* Flash */,
				C96A80D31DBC85BC00349283 /* Products */,
			);
			sourceTree = "<group>";
		};
		C96A80D31DBC85BC00349283 /* Products */ = {
			isa = PBXGroup;
			children = (
				C96A80D21DBC85BC00349283 /* Flash.app */,
			);
			name = Products;
			sourceTree = "<group>";
		};
		C96A80D41DBC85BC00349283 /* Flash */ = {
			isa = PBXGroup;
			children = (
				C96A80D51DBC85BC00349283 /* AppDelegate.swift */,
				C96A80D71DBC85BC00349283 /* ViewController.swift */,
				C96A80D91DBC85BC00349283 /* Main.storyboard */,
				C96A80DC1DBC85BC00349283 /* Assets.xcassets */,
				C96A80DE1DBC85BC00349283 /* LaunchScreen.storyboard */,
				C96A80E11DBC85BC00349283 /* Info.plist */,
			);
			path = Flash;
			sourceTree = "<group>";
		};
/* End PBXGroup section */

/* Begin PBXNativeTarget section */
		C96A80D11DBC85BC00349283 /* Flash */ = {
			isa = PBXNativeTarget;
			buildConfigurationList = C96A80E41DBC85BC00349283 /* Build configuration list for PBXNativeTarget "Flash" */;
			buildPhases = (
				C96A80CE1DBC85BC00349283 /* Sources */,
				C96A80CF1DBC85BC00349283 /* Frameworks */,
				C96A80D01DBC85BC00349283 /* Resources */,
			);
			buildRules = (
			);
			dependencies = (
			);
			name = Flash;
			productName = Flash;
			productReference = C96A80D21DBC85BC00349283 /* Flash.app */;
			productType = "com.apple.product-type.application";
		};
/* End PBXNativeTarget section */

/* Begin PBXProject section */
		C96A80CA1DBC85BC00349283 /* Project object */ = {
			isa = PBXProject;
			attributes = {
				LastSwiftUpdateCheck = 0800;
				LastUpgradeCheck = 0800;
				ORGANIZATIONNAME = HelloTree;
				TargetAttributes = {
					C96A80D11DBC85BC00349283 = {
						CreatedOnToolsVersion = 8.0;
						DevelopmentTeam = TFVPAWAQ8A;
						ProvisioningStyle = Automatic;
					};
				};
			};
			buildConfigurationList = C96A80CD1DBC85BC00349283 /* Build configuration list for PBXProject "Flash" */;
			compatibilityVersion = "Xcode 3.2";
			developmentRegion = English;
			hasScannedForEncodings = 0;
			knownRegions = (
				en,
				Base,
			);
			mainGroup = C96A80C91DBC85BC00349283;
			productRefGroup = C96A80D31DBC85BC00349283 /* Products */;
			projectDirPath = "";
			projectRoot = "";
			targets = (
				C96A80D11DBC85BC00349283 /* Flash */,
			);
		};
/* End PBXProject section */

/* Begin PBXResourcesBuildPhase section */
		C96A80D01DBC85BC00349283 /* Resources */ = {
			isa = PBXResourcesBuildPhase;
			buildActionMask = 2147483647;
			files = (
				C96A80E01DBC85BC00349283 /* LaunchScreen.storyboard in Resources */,
				C96A80DD1DBC85BC00349283 /* Assets.xcassets in Resources */,
				C96A80DB1DBC85BC00349283 /* Main.storyboard in Resources */,
			);
			runOnlyForDeploymentPostprocessing = 0;
		};
/* End PBXResourcesBuildPhase section */

/* Begin PBXSourcesBuildPhase section */
		C96A80CE1DBC85BC00349283 /* Sources */ = {
			isa = PBXSourcesBuildPhase;
			buildActionMask = 2147483647;
			files = (
				C96A80D81DBC85BC00349283 /* ViewController.swift in Sources */,
				C96A80D61DBC85BC00349283 /* AppDelegate.swift in Sources */,
			);
			runOnlyForDeploymentPostprocessing = 0;
		};
/* End PBXSourcesBuildPhase section */

/* Begin PBXVariantGroup section */
		C96A80D91DBC85BC00349283 /* Main.storyboard */ = {
			isa = PBXVariantGroup;
			children = (
				C96A80DA1DBC85BC00349283 /* Base */,
			);
			name = Main.storyboard;
			sourceTree = "<group>";
		};
		C96A80DE1DBC85BC00349283 /* LaunchScreen.storyboard */ = {
			isa = PBXVariantGroup;
			children = (
				C96A80DF1DBC85BC00349283 /* Base */,
			);
			name = LaunchScreen.storyboard;
			sourceTree = "<group>";
		};
/* End PBXVariantGroup section */

/* Begin XCBuildConfiguration section */
		C96A80E21DBC85BC00349283 /* Debug */ = {
			isa = XCBuildConfiguration;
			buildSettings = {
				ALWAYS_SEARCH_USER_PATHS = NO;
				CLANG_ANALYZER_NONNULL = YES;
				CLANG_CXX_LANGUAGE_STANDARD = "gnu++0x";
				CLANG_CXX_LIBRARY = "libc++";
				CLANG_ENABLE_MODULES = YES;
				CLANG_ENABLE_OBJC_ARC = YES;
				CLANG_WARN_BOOL_CONVERSION = YES;
				CLANG_WARN_CONSTANT_CONVERSION = YES;
				CLANG_WARN_DIRECT_OBJC_ISA_USAGE = YES_ERROR;
				CLANG_WARN_DOCUMENTATION_COMMENTS = YES;
				CLANG_WARN_EMPTY_BODY = YES;
				CLANG_WARN_ENUM_CONVERSION = YES;
				CLANG_WARN_INFINITE_RECURSION = YES;
				CLANG_WARN_INT_CONVERSION = YES;
				CLANG_WARN_OBJC_ROOT_CLASS = YES_ERROR;
				CLANG_WARN_SUSPICIOUS_MOVES = YES;
				CLANG_WARN_UNREACHABLE_CODE = YES;
				CLANG_WARN__DUPLICATE_METHOD_MATCH = YES;
				"CODE_SIGN_IDENTITY[sdk=iphoneos*]" = "iPhone Developer";
				COPY_PHASE_STRIP = NO;
				DEBUG_INFORMATION_FORMAT = dwarf;
				ENABLE_STRICT_OBJC_MSGSEND = YES;
				ENABLE_TESTABILITY = YES;
				GCC_C_LANGUAGE_STANDARD = gnu99;
				GCC_DYNAMIC_NO_PIC = NO;
				GCC_NO_COMMON_BLOCKS = YES;
				GCC_OPTIMIZATION_LEVEL = 0;
				GCC_PREPROCESSOR_DEFINITIONS = (
					"DEBUG=1",
					"$(inherited)",
				);
				GCC_WARN_64_TO_32_BIT_CONVERSION = YES;
				GCC_WARN_ABOUT_RETURN_TYPE = YES_ERROR;
				GCC_WARN_UNDECLARED_SELECTOR = YES;
				GCC_WARN_UNINITIALIZED_AUTOS = YES_AGGRESSIVE;
				GCC_WARN_UNUSED_FUNCTION = YES;
				GCC_WARN_UNUSED_VARIABLE = YES;
				IPHONEOS_DEPLOYMENT_TARGET = 10.0;
				MTL_ENABLE_DEBUG_INFO = YES;
				ONLY_ACTIVE_ARCH = YES;
				SDKROOT = iphoneos;
				SWIFT_ACTIVE_COMPILATION_CONDITIONS = DEBUG;
				SWIFT_OPTIMIZATION_LEVEL = "-Onone";
				TARGETED_DEVICE_FAMILY = "1,2";
			};
			name = Debug;
		};
		C96A80E31DBC85BC00349283 /* Release */ = {
			isa = XCBuildConfiguration;
			buildSettings = {
				ALWAYS_SEARCH_USER_PATHS = NO;
				CLANG_ANALYZER_NONNULL = YES;
				CLANG_CXX_LANGUAGE_STANDARD = "gnu++0x";
				CLANG_CXX_LIBRARY = "libc++";
				CLANG_ENABLE_MODULES = YES;
				CLANG_ENABLE_OBJC_ARC = YES;
				CLANG_WARN_BOOL_CONVERSION = YES;
				CLANG_WARN_CONSTANT_CONVERSION = YES;
				CLANG_WARN_DIRECT_OBJC_ISA_USAGE = YES_ERROR;
				CLANG_WARN_DOCUMENTATION_COMMENTS = YES;
				CLANG_WARN_EMPTY_BODY = YES;
				CLANG_WARN_ENUM_CONVERSION = YES;
				CLANG_WARN_INFINITE_RECURSION = YES;
				CLANG_WARN_INT_CONVERSION = YES;
				CLANG_WARN_OBJC_ROOT_CLASS = YES_ERROR;
				CLANG_WARN_SUSPICIOUS_MOVES = YES;
				CLANG_WARN_UNREACHABLE_CODE = YES;
				CLANG_WARN__DUPLICATE_METHOD_MATCH = YES;
				"CODE_SIGN_IDENTITY[sdk=iphoneos*]" = "iPhone Developer";
				COPY_PHASE_STRIP = NO;
				DEBUG_INFORMATION_FORMAT = "dwarf-with-dsym";
				ENABLE_NS_ASSERTIONS = NO;
				ENABLE_STRICT_OBJC_MSGSEND = YES;
				GCC_C_LANGUAGE_STANDARD = gnu99;
				GCC_NO_COMMON_BLOCKS = YES;
				GCC_WARN_64_TO_32_BIT_CONVERSION = YES;
				GCC_WARN_ABOUT_RETURN_TYPE = YES_ERROR;
				GCC_WARN_UNDECLARED_SELECTOR = YES;
				GCC_WARN_UNINITIALIZED_AUTOS = YES_AGGRESSIVE;
				GCC_WARN_UNUSED_FUNCTION = YES;
				GCC_WARN_UNUSED_VARIABLE = YES;
				IPHONEOS_DEPLOYMENT_TARGET = 10.0;
				MTL_ENABLE_DEBUG_INFO = NO;
				SDKROOT = iphoneos;
				SWIFT_OPTIMIZATION_LEVEL = "-Owholemodule";
				TARGETED_DEVICE_FAMILY = "1,2";
				VALIDATE_PRODUCT = YES;
			};
			name = Release;
		};
		C96A80E51DBC85BC00349283 /* Debug */ = {
			isa = XCBuildConfiguration;
			buildSettings = {
				ASSETCATALOG_COMPILER_APPICON_NAME = AppIcon;
				DEVELOPMENT_TEAM = TFVPAWAQ8A;
				INFOPLIST_FILE = Flash/Info.plist;
				LD_RUNPATH_SEARCH_PATHS = "$(inherited) @executable_path/Frameworks";
				PRODUCT_BUNDLE_IDENTIFIER = com.swiftnextstep.udemy.Flash;
				PRODUCT_NAME = "$(TARGET_NAME)";
				SWIFT_VERSION = 3.0;
			};
			name = Debug;
		};
		C96A80E61DBC85BC00349283 /* Release */ = {
			isa = XCBuildConfiguration;
			buildSettings = {
				ASSETCATALOG_COMPILER_APPICON_NAME = AppIcon;
				DEVELOPMENT_TEAM = TFVPAWAQ8A;
				INFOPLIST_FILE = Flash/Info.plist;
				LD_RUNPATH_SEARCH_PATHS = "$(inherited) @executable_path/Frameworks";
				PRODUCT_BUNDLE_IDENTIFIER = com.swiftnextstep.udemy.Flash;
				PRODUCT_NAME = "$(TARGET_NAME)";
				SWIFT_VERSION = 3.0;
			};
			name = Release;
		};
/* End XCBuildConfiguration section */

/* Begin XCConfigurationList section */
		C96A80CD1DBC85BC00349283 /* Build configuration list for PBXProject "Flash" */ = {
			isa = XCConfigurationList;
			buildConfigurations = (
				C96A80E21DBC85BC00349283 /* Debug */,
				C96A80E31DBC85BC00349283 /* Release */,
			);
			defaultConfigurationIsVisible = 0;
			defaultConfigurationName = Release;
		};
		C96A80E41DBC85BC00349283 /* Build configuration list for PBXNativeTarget "Flash" */ = {
			isa = XCConfigurationList;
			buildConfigurations = (
				C96A80E51DBC85BC00349283 /* Debug */,
				C96A80E61DBC85BC00349283 /* Release */,
			);
			defaultConfigurationIsVisible = 0;
		};
/* End XCConfigurationList section */
	};
	rootObject = C96A80CA1DBC85BC00349283 /* Project object */;
}
